
Microsoft Visual Studio Solution File, Format Version 12.00
# Visual Studio Version 16
VisualStudioVersion = 16.0.30204.135
MinimumVisualStudioVersion = 10.0.40219.1
Project("{FAE04EC0-301F-11D3-BF4B-00C04F79EFBC}") = "lab_3_a", "lab_3_a\lab_3_a.csproj", "{3542F8A2-CD1F-4F2D-A8DD-786298837454}"
EndProject
Global
	GlobalSection(SolutionConfigurationPlatforms) = preSolution
		Debug|Any CPU = Debug|Any CPU
		Release|Any CPU = Release|Any CPU
	EndGlobalSection
	GlobalSection(ProjectConfigurationPlatforms) = postSolution
		{3542F8A2-CD1F-4F2D-A8DD-786298837454}.Debug|Any CPU.ActiveCfg = Debug|Any CPU
		{3542F8A2-CD1F-4F2D-A8DD-786298837454}.Debug|Any CPU.Build.0 = Debug|Any CPU
		{3542F8A2-CD1F-4F2D-A8DD-786298837454}.Release|Any CPU.ActiveCfg = Release|Any CPU
		{3542F8A2-CD1F-4F2D-A8DD-786298837454}.Release|Any CPU.Build.0 = Release|Any CPU
	EndGlobalSection
	GlobalSection(SolutionProperties) = preSolution
		HideSolutionNode = FALSE
	EndGlobalSection
	GlobalSection(ExtensibilityGlobals) = postSolution
		SolutionGuid = {A96C936A-0B5A-49B4-B4B0-BA37BA3C7F3E}
	EndGlobalSection
EndGlobal
