
Microsoft Visual Studio Solution File, Format Version 12.00
# Visual Studio Version 17
VisualStudioVersion = 17.1.32228.430
MinimumVisualStudioVersion = 10.0.40219.1
Project("{9A19103F-16F7-4668-BE54-9A1E7A4F7556}") = "Api", "Api\Api.csproj", "{47A03B60-887E-4B42-8AD0-9D81EB3D4A7B}"
EndProject
Project("{2150E333-8FDC-42A3-9474-1A3956D46DE8}") = "Solution Items", "Solution Items", "{DDF3B111-6E3A-47DC-AAAE-62207781F8D3}"
	ProjectSection(SolutionItems) = preProject
		.editorconfig = .editorconfig
	EndProjectSection
EndProject
Global
	GlobalSection(SolutionConfigurationPlatforms) = preSolution
		Debug|Any CPU = Debug|Any CPU
		Release|Any CPU = Release|Any CPU
	EndGlobalSection
	GlobalSection(ProjectConfigurationPlatforms) = postSolution
		{47A03B60-887E-4B42-8AD0-9D81EB3D4A7B}.Debug|Any CPU.ActiveCfg = Debug|Any CPU
		{47A03B60-887E-4B42-8AD0-9D81EB3D4A7B}.Debug|Any CPU.Build.0 = Debug|Any CPU
		{47A03B60-887E-4B42-8AD0-9D81EB3D4A7B}.Release|Any CPU.ActiveCfg = Release|Any CPU
		{47A03B60-887E-4B42-8AD0-9D81EB3D4A7B}.Release|Any CPU.Build.0 = Release|Any CPU
	EndGlobalSection
	GlobalSection(SolutionProperties) = preSolution
		HideSolutionNode = FALSE
	EndGlobalSection
	GlobalSection(ExtensibilityGlobals) = postSolution
		SolutionGuid = {747EE761-6843-439A-82AC-A64CDCA060E9}
	EndGlobalSection
EndGlobal
